
Microsoft Visual Studio Solution File, Format Version 12.00
# Visual Studio 14
VisualStudioVersion = 14.0.23107.0
MinimumVisualStudioVersion = 10.0.40219.1
Project("{2150E333-8FDC-42A3-9474-1A3956D46DE8}") = "Libraries", "Libraries", "{750FD17B-46EF-4D80-8183-9A708B6F82BF}"
EndProject
Project("{FAE04EC0-301F-11D3-BF4B-00C04F79EFBC}") = "HSS.Data", "Libraries\HSS.Data\HSS.Data.csproj", "{52B13D84-50DF-448B-9A6A-B6AD4714A90C}"
EndProject
Project("{FAE04EC0-301F-11D3-BF4B-00C04F79EFBC}") = "HSS.Core", "Libraries\HSS.Core\HSS.Core.csproj", "{BD9190CD-7EC8-4A0E-80E9-79ECE55F7E0D}"
EndProject
Project("{FAE04EC0-301F-11D3-BF4B-00C04F79EFBC}") = "HSS.Models", "Libraries\HSS.Models\HSS.Models.csproj", "{15B8D0E1-94DA-4986-BD3D-57EBC7C5C69F}"
EndProject
Project("{2150E333-8FDC-42A3-9474-1A3956D46DE8}") = "Presentation", "Presentation", "{B83C2828-E03C-4941-8F77-5B9AFDE10CAC}"
EndProject
Project("{FAE04EC0-301F-11D3-BF4B-00C04F79EFBC}") = "HSS.Services", "Libraries\HSS.Services\HSS.Services.csproj", "{B6915EDB-316D-46DA-84D5-9E6AE534626E}"
EndProject
Project("{FAE04EC0-301F-11D3-BF4B-00C04F79EFBC}") = "HSS.Web.Framework", "Presentation\HSS.Web.Framework\HSS.Web.Framework.csproj", "{25F23C60-A5D0-405F-B5CC-D2F8053E58DE}"
EndProject
Project("{FAE04EC0-301F-11D3-BF4B-00C04F79EFBC}") = "HSS.Web", "Presentation\HSS.Web\HSS.Web.csproj", "{8362CFB5-1B14-41F3-8ACC-1646B46484F2}"
EndProject
Project("{FAE04EC0-301F-11D3-BF4B-00C04F79EFBC}") = "HSS.Admin", "Presentation\HSS.Admin\HSS.Admin.csproj", "{D2D02057-49B1-46FD-98AF-0E15F5818F4B}"
EndProject
Global
	GlobalSection(SolutionConfigurationPlatforms) = preSolution
		Debug|Any CPU = Debug|Any CPU
		Release|Any CPU = Release|Any CPU
	EndGlobalSection
	GlobalSection(ProjectConfigurationPlatforms) = postSolution
		{52B13D84-50DF-448B-9A6A-B6AD4714A90C}.Debug|Any CPU.ActiveCfg = Debug|Any CPU
		{52B13D84-50DF-448B-9A6A-B6AD4714A90C}.Debug|Any CPU.Build.0 = Debug|Any CPU
		{52B13D84-50DF-448B-9A6A-B6AD4714A90C}.Release|Any CPU.ActiveCfg = Release|Any CPU
		{52B13D84-50DF-448B-9A6A-B6AD4714A90C}.Release|Any CPU.Build.0 = Release|Any CPU
		{BD9190CD-7EC8-4A0E-80E9-79ECE55F7E0D}.Debug|Any CPU.ActiveCfg = Debug|Any CPU
		{BD9190CD-7EC8-4A0E-80E9-79ECE55F7E0D}.Debug|Any CPU.Build.0 = Debug|Any CPU
		{BD9190CD-7EC8-4A0E-80E9-79ECE55F7E0D}.Release|Any CPU.ActiveCfg = Release|Any CPU
		{BD9190CD-7EC8-4A0E-80E9-79ECE55F7E0D}.Release|Any CPU.Build.0 = Release|Any CPU
		{15B8D0E1-94DA-4986-BD3D-57EBC7C5C69F}.Debug|Any CPU.ActiveCfg = Debug|Any CPU
		{15B8D0E1-94DA-4986-BD3D-57EBC7C5C69F}.Debug|Any CPU.Build.0 = Debug|Any CPU
		{15B8D0E1-94DA-4986-BD3D-57EBC7C5C69F}.Release|Any CPU.ActiveCfg = Release|Any CPU
		{15B8D0E1-94DA-4986-BD3D-57EBC7C5C69F}.Release|Any CPU.Build.0 = Release|Any CPU
		{B6915EDB-316D-46DA-84D5-9E6AE534626E}.Debug|Any CPU.ActiveCfg = Debug|Any CPU
		{B6915EDB-316D-46DA-84D5-9E6AE534626E}.Debug|Any CPU.Build.0 = Debug|Any CPU
		{B6915EDB-316D-46DA-84D5-9E6AE534626E}.Release|Any CPU.ActiveCfg = Release|Any CPU
		{B6915EDB-316D-46DA-84D5-9E6AE534626E}.Release|Any CPU.Build.0 = Release|Any CPU
		{25F23C60-A5D0-405F-B5CC-D2F8053E58DE}.Debug|Any CPU.ActiveCfg = Debug|Any CPU
		{25F23C60-A5D0-405F-B5CC-D2F8053E58DE}.Debug|Any CPU.Build.0 = Debug|Any CPU
		{25F23C60-A5D0-405F-B5CC-D2F8053E58DE}.Release|Any CPU.ActiveCfg = Release|Any CPU
		{25F23C60-A5D0-405F-B5CC-D2F8053E58DE}.Release|Any CPU.Build.0 = Release|Any CPU
		{8362CFB5-1B14-41F3-8ACC-1646B46484F2}.Debug|Any CPU.ActiveCfg = Debug|Any CPU
		{8362CFB5-1B14-41F3-8ACC-1646B46484F2}.Debug|Any CPU.Build.0 = Debug|Any CPU
		{8362CFB5-1B14-41F3-8ACC-1646B46484F2}.Release|Any CPU.ActiveCfg = Release|Any CPU
		{8362CFB5-1B14-41F3-8ACC-1646B46484F2}.Release|Any CPU.Build.0 = Release|Any CPU
		{D2D02057-49B1-46FD-98AF-0E15F5818F4B}.Debug|Any CPU.ActiveCfg = Debug|Any CPU
		{D2D02057-49B1-46FD-98AF-0E15F5818F4B}.Debug|Any CPU.Build.0 = Debug|Any CPU
		{D2D02057-49B1-46FD-98AF-0E15F5818F4B}.Release|Any CPU.ActiveCfg = Release|Any CPU
		{D2D02057-49B1-46FD-98AF-0E15F5818F4B}.Release|Any CPU.Build.0 = Release|Any CPU
	EndGlobalSection
	GlobalSection(SolutionProperties) = preSolution
		HideSolutionNode = FALSE
	EndGlobalSection
	GlobalSection(NestedProjects) = preSolution
		{52B13D84-50DF-448B-9A6A-B6AD4714A90C} = {750FD17B-46EF-4D80-8183-9A708B6F82BF}
		{BD9190CD-7EC8-4A0E-80E9-79ECE55F7E0D} = {750FD17B-46EF-4D80-8183-9A708B6F82BF}
		{15B8D0E1-94DA-4986-BD3D-57EBC7C5C69F} = {750FD17B-46EF-4D80-8183-9A708B6F82BF}
		{B6915EDB-316D-46DA-84D5-9E6AE534626E} = {750FD17B-46EF-4D80-8183-9A708B6F82BF}
		{25F23C60-A5D0-405F-B5CC-D2F8053E58DE} = {B83C2828-E03C-4941-8F77-5B9AFDE10CAC}
		{8362CFB5-1B14-41F3-8ACC-1646B46484F2} = {B83C2828-E03C-4941-8F77-5B9AFDE10CAC}
		{D2D02057-49B1-46FD-98AF-0E15F5818F4B} = {B83C2828-E03C-4941-8F77-5B9AFDE10CAC}
	EndGlobalSection
EndGlobal
